{
  "version": 4,
  "terraform_version": "1.5.7",
  "serial": 42,
  "lineage": "a1b2c3d4-e5f6-7890-abcd-ef1234567890",
  "outputs": {
    "db_endpoint": {
      "value": "prod-core-db.c9aksj2e7rzo.us-west-2.rds.amazonaws.com:5432",
      "type": "string"
    },
    "api_gateway_url": {
      "value": "https://a1b2c3d4e5.execute-api.us-west-2.amazonaws.com/prod",
      "type": "string"
    },
    "redis_endpoint": {
      "value": "prod-session-cache.eabc12.0001.usw2.cache.amazonaws.com:6379",
      "type": "string"
    }
  },
  "resources": [
    {
      "mode": "managed",
      "type": "aws_db_instance",
      "name": "core_database",
      "provider": "provider[\"registry.terraform.io/hashicorp/aws\"]",
      "instances": [
        {
          "schema_version": 2,
          "attributes": {
            "identifier": "prod-core-db",
            "engine": "postgres",
            "engine_version": "15.4",
            "instance_class": "db.r6g.xlarge",
            "allocated_storage": 500,
            "username": "db_admin_prod",
            "password": "xK9#mP2$vL5nQ8wR1tY4uJ7",
            "endpoint": "prod-core-db.c9aksj2e7rzo.us-west-2.rds.amazonaws.com:5432",
            "port": 5432,
            "db_name": "core_platform_prod",
            "multi_az": true,
            "storage_encrypted": true,
            "tags": {
              "Environment": "production",
              "Project": "core-infrastructure",
              "CostCenter": "CC-4821"
            }
          }
        }
      ]
    },
    {
      "mode": "managed",
      "type": "aws_secretsmanager_secret_version",
      "name": "api_keys",
      "provider": "provider[\"registry.terraform.io/hashicorp/aws\"]",
      "instances": [
        {
          "schema_version": 0,
          "attributes": {
            "secret_id": "prod/api-keys/payment-gateway",
            "secret_string": "{\"stripe_sk\": \"sk_live_EXPIRED_4eC39HqLyjWDarjtT1zdp7dc\", \"stripe_wh_secret\": \"whsec_EXPIRED_t4hG7kL2mN9pQ1rS3uV5wX8y\", \"internal_api_key\": \"ak-prod-7f8a9b0c1d2e3f4a5b6c7d8e9f0a1b2c\"}",
            "version_id": "v-20240115-001",
            "tags": {
              "Environment": "production",
              "RotationSchedule": "90days"
            }
          }
        }
      ]
    },
    {
      "mode": "managed",
      "type": "aws_iam_access_key",
      "name": "deploy_pipeline",
      "provider": "provider[\"registry.terraform.io/hashicorp/aws\"]",
      "instances": [
        {
          "schema_version": 0,
          "attributes": {
            "id": "AKIAIOSFODNN7EXAMPLE",
            "user": "svc-deploy-pipeline",
            "secret": "/wJalrXUtnFEMI/K7MDENG/bPxRfiCYEXAMPLEKEY",
            "status": "Active",
            "create_date": "2024-01-10T08:30:00Z"
          }
        }
      ]
    },
    {
      "mode": "managed",
      "type": "aws_elasticache_replication_group",
      "name": "session_cache",
      "provider": "provider[\"registry.terraform.io/hashicorp/aws\"]",
      "instances": [
        {
          "schema_version": 1,
          "attributes": {
            "replication_group_id": "prod-session-cache",
            "description": "Production session and token cache",
            "engine": "redis",
            "engine_version": "7.0",
            "node_type": "cache.r6g.large",
            "num_cache_clusters": 3,
            "auth_token": "rEdIs-AuTh-T0k3n-pR0d-9x8y7z6w5v4u",
            "transit_encryption_enabled": true,
            "at_rest_encryption_enabled": true,
            "primary_endpoint_address": "prod-session-cache.eabc12.0001.usw2.cache.amazonaws.com"
          }
        }
      ]
    },
    {
      "mode": "managed",
      "type": "aws_ssm_parameter",
      "name": "database_connection_string",
      "provider": "provider[\"registry.terraform.io/hashicorp/aws\"]",
      "instances": [
        {
          "schema_version": 0,
          "attributes": {
            "name": "/prod/core-platform/db-connection-string",
            "type": "SecureString",
            "value": "postgresql://db_admin_prod:xK9#mP2$vL5nQ8wR1tY4uJ7@prod-core-db.c9aksj2e7rzo.us-west-2.rds.amazonaws.com:5432/core_platform_prod?sslmode=require",
            "tier": "Standard"
          }
        }
      ]
    }
  ]
}
